
Microsoft Visual Studio Solution File, Format Version 12.00
# Visual Studio Version 17
VisualStudioVersion = 17.14.36408.4
MinimumVisualStudioVersion = 10.0.40219.1
Project("{FAE04EC0-301F-11D3-BF4B-00C04F79EFBC}") = "RentalManagementPlatformMVC", "RentalManagementPlatformMVC\RentalManagementPlatformMVC.csproj", "{F6A6E5A1-4562-41C2-9B42-9A90907CE68B}"
EndProject
Project("{FAE04EC0-301F-11D3-BF4B-00C04F79EFBC}") = "AutoFK", "AutoFK\AutoFK.csproj", "{0AC1D372-1622-49AE-AD83-2FAB676E5843}"
EndProject
Project("{FAE04EC0-301F-11D3-BF4B-00C04F79EFBC}") = "RentalManagementPlatform.Common", "RentalManagementPlatform.Common\RentalManagementPlatform.Common.csproj", "{68FC1725-AFA7-413C-84F3-5D0BBD815C79}"
EndProject
Project("{FAE04EC0-301F-11D3-BF4B-00C04F79EFBC}") = "RentalManagementPlatformWebAPI", "RentalManagementPlatformWebAPI\RentalManagementPlatformWebAPI.csproj", "{B36CDF21-3919-4B90-99C0-60E68EC0C0A0}"
EndProject
Project("{FAE04EC0-301F-11D3-BF4B-00C04F79EFBC}") = "ChaseCheng.Global.Utilities", "ChaseCheng.Global.Utilities\ChaseCheng.Global.Utilities.csproj", "{38735614-BE53-4A71-B931-78AB50E66280}"
EndProject
Global
	GlobalSection(SolutionConfigurationPlatforms) = preSolution
		Debug|Any CPU = Debug|Any CPU
		Debug|x64 = Debug|x64
		Debug|x86 = Debug|x86
		Default|Any CPU = Default|Any CPU
		Default|x64 = Default|x64
		Default|x86 = Default|x86
		Release|Any CPU = Release|Any CPU
		Release|x64 = Release|x64
		Release|x86 = Release|x86
	EndGlobalSection
	GlobalSection(ProjectConfigurationPlatforms) = postSolution
		{F6A6E5A1-4562-41C2-9B42-9A90907CE68B}.Debug|Any CPU.ActiveCfg = Debug|Any CPU
		{F6A6E5A1-4562-41C2-9B42-9A90907CE68B}.Debug|Any CPU.Build.0 = Debug|Any CPU
		{F6A6E5A1-4562-41C2-9B42-9A90907CE68B}.Debug|x64.ActiveCfg = Debug|Any CPU
		{F6A6E5A1-4562-41C2-9B42-9A90907CE68B}.Debug|x64.Build.0 = Debug|Any CPU
		{F6A6E5A1-4562-41C2-9B42-9A90907CE68B}.Debug|x86.ActiveCfg = Debug|Any CPU
		{F6A6E5A1-4562-41C2-9B42-9A90907CE68B}.Debug|x86.Build.0 = Debug|Any CPU
		{F6A6E5A1-4562-41C2-9B42-9A90907CE68B}.Default|Any CPU.ActiveCfg = Release|Any CPU
		{F6A6E5A1-4562-41C2-9B42-9A90907CE68B}.Default|x64.ActiveCfg = Default|Any CPU
		{F6A6E5A1-4562-41C2-9B42-9A90907CE68B}.Default|x64.Build.0 = Default|Any CPU
		{F6A6E5A1-4562-41C2-9B42-9A90907CE68B}.Default|x86.ActiveCfg = Default|Any CPU
		{F6A6E5A1-4562-41C2-9B42-9A90907CE68B}.Default|x86.Build.0 = Default|Any CPU
		{F6A6E5A1-4562-41C2-9B42-9A90907CE68B}.Release|Any CPU.ActiveCfg = Release|Any CPU
		{F6A6E5A1-4562-41C2-9B42-9A90907CE68B}.Release|Any CPU.Build.0 = Release|Any CPU
		{F6A6E5A1-4562-41C2-9B42-9A90907CE68B}.Release|x64.ActiveCfg = Release|Any CPU
		{F6A6E5A1-4562-41C2-9B42-9A90907CE68B}.Release|x64.Build.0 = Release|Any CPU
		{F6A6E5A1-4562-41C2-9B42-9A90907CE68B}.Release|x86.ActiveCfg = Release|Any CPU
		{F6A6E5A1-4562-41C2-9B42-9A90907CE68B}.Release|x86.Build.0 = Release|Any CPU
		{0AC1D372-1622-49AE-AD83-2FAB676E5843}.Debug|Any CPU.ActiveCfg = Debug|Any CPU
		{0AC1D372-1622-49AE-AD83-2FAB676E5843}.Debug|Any CPU.Build.0 = Debug|Any CPU
		{0AC1D372-1622-49AE-AD83-2FAB676E5843}.Debug|x64.ActiveCfg = Debug|Any CPU
		{0AC1D372-1622-49AE-AD83-2FAB676E5843}.Debug|x64.Build.0 = Debug|Any CPU
		{0AC1D372-1622-49AE-AD83-2FAB676E5843}.Debug|x86.ActiveCfg = Debug|Any CPU
		{0AC1D372-1622-49AE-AD83-2FAB676E5843}.Debug|x86.Build.0 = Debug|Any CPU
		{0AC1D372-1622-49AE-AD83-2FAB676E5843}.Default|Any CPU.ActiveCfg = Release|Any CPU
		{0AC1D372-1622-49AE-AD83-2FAB676E5843}.Default|Any CPU.Build.0 = Release|Any CPU
		{0AC1D372-1622-49AE-AD83-2FAB676E5843}.Default|x64.ActiveCfg = Default|Any CPU
		{0AC1D372-1622-49AE-AD83-2FAB676E5843}.Default|x64.Build.0 = Default|Any CPU
		{0AC1D372-1622-49AE-AD83-2FAB676E5843}.Default|x86.ActiveCfg = Default|Any CPU
		{0AC1D372-1622-49AE-AD83-2FAB676E5843}.Default|x86.Build.0 = Default|Any CPU
		{0AC1D372-1622-49AE-AD83-2FAB676E5843}.Release|Any CPU.ActiveCfg = Release|Any CPU
		{0AC1D372-1622-49AE-AD83-2FAB676E5843}.Release|Any CPU.Build.0 = Release|Any CPU
		{0AC1D372-1622-49AE-AD83-2FAB676E5843}.Release|x64.ActiveCfg = Release|Any CPU
		{0AC1D372-1622-49AE-AD83-2FAB676E5843}.Release|x64.Build.0 = Release|Any CPU
		{0AC1D372-1622-49AE-AD83-2FAB676E5843}.Release|x86.ActiveCfg = Release|Any CPU
		{0AC1D372-1622-49AE-AD83-2FAB676E5843}.Release|x86.Build.0 = Release|Any CPU
		{68FC1725-AFA7-413C-84F3-5D0BBD815C79}.Debug|Any CPU.ActiveCfg = Debug|Any CPU
		{68FC1725-AFA7-413C-84F3-5D0BBD815C79}.Debug|Any CPU.Build.0 = Debug|Any CPU
		{68FC1725-AFA7-413C-84F3-5D0BBD815C79}.Debug|x64.ActiveCfg = Debug|Any CPU
		{68FC1725-AFA7-413C-84F3-5D0BBD815C79}.Debug|x64.Build.0 = Debug|Any CPU
		{68FC1725-AFA7-413C-84F3-5D0BBD815C79}.Debug|x86.ActiveCfg = Debug|Any CPU
		{68FC1725-AFA7-413C-84F3-5D0BBD815C79}.Debug|x86.Build.0 = Debug|Any CPU
		{68FC1725-AFA7-413C-84F3-5D0BBD815C79}.Default|Any CPU.ActiveCfg = Release|Any CPU
		{68FC1725-AFA7-413C-84F3-5D0BBD815C79}.Default|Any CPU.Build.0 = Release|Any CPU
		{68FC1725-AFA7-413C-84F3-5D0BBD815C79}.Default|x64.ActiveCfg = Default|Any CPU
		{68FC1725-AFA7-413C-84F3-5D0BBD815C79}.Default|x64.Build.0 = Default|Any CPU
		{68FC1725-AFA7-413C-84F3-5D0BBD815C79}.Default|x86.ActiveCfg = Default|Any CPU
		{68FC1725-AFA7-413C-84F3-5D0BBD815C79}.Default|x86.Build.0 = Default|Any CPU
		{68FC1725-AFA7-413C-84F3-5D0BBD815C79}.Release|Any CPU.ActiveCfg = Release|Any CPU
		{68FC1725-AFA7-413C-84F3-5D0BBD815C79}.Release|Any CPU.Build.0 = Release|Any CPU
		{68FC1725-AFA7-413C-84F3-5D0BBD815C79}.Release|x64.ActiveCfg = Release|Any CPU
		{68FC1725-AFA7-413C-84F3-5D0BBD815C79}.Release|x64.Build.0 = Release|Any CPU
		{68FC1725-AFA7-413C-84F3-5D0BBD815C79}.Release|x86.ActiveCfg = Release|Any CPU
		{68FC1725-AFA7-413C-84F3-5D0BBD815C79}.Release|x86.Build.0 = Release|Any CPU
		{B36CDF21-3919-4B90-99C0-60E68EC0C0A0}.Debug|Any CPU.ActiveCfg = Debug|Any CPU
		{B36CDF21-3919-4B90-99C0-60E68EC0C0A0}.Debug|Any CPU.Build.0 = Debug|Any CPU
		{B36CDF21-3919-4B90-99C0-60E68EC0C0A0}.Debug|x64.ActiveCfg = Debug|Any CPU
		{B36CDF21-3919-4B90-99C0-60E68EC0C0A0}.Debug|x64.Build.0 = Debug|Any CPU
		{B36CDF21-3919-4B90-99C0-60E68EC0C0A0}.Debug|x86.ActiveCfg = Debug|Any CPU
		{B36CDF21-3919-4B90-99C0-60E68EC0C0A0}.Debug|x86.Build.0 = Debug|Any CPU
		{B36CDF21-3919-4B90-99C0-60E68EC0C0A0}.Default|Any CPU.ActiveCfg = Release|Any CPU
		{B36CDF21-3919-4B90-99C0-60E68EC0C0A0}.Default|Any CPU.Build.0 = Release|Any CPU
		{B36CDF21-3919-4B90-99C0-60E68EC0C0A0}.Default|x64.ActiveCfg = Default|Any CPU
		{B36CDF21-3919-4B90-99C0-60E68EC0C0A0}.Default|x64.Build.0 = Default|Any CPU
		{B36CDF21-3919-4B90-99C0-60E68EC0C0A0}.Default|x86.ActiveCfg = Default|Any CPU
		{B36CDF21-3919-4B90-99C0-60E68EC0C0A0}.Default|x86.Build.0 = Default|Any CPU
		{B36CDF21-3919-4B90-99C0-60E68EC0C0A0}.Release|Any CPU.ActiveCfg = Release|Any CPU
		{B36CDF21-3919-4B90-99C0-60E68EC0C0A0}.Release|Any CPU.Build.0 = Release|Any CPU
		{B36CDF21-3919-4B90-99C0-60E68EC0C0A0}.Release|x64.ActiveCfg = Release|Any CPU
		{B36CDF21-3919-4B90-99C0-60E68EC0C0A0}.Release|x64.Build.0 = Release|Any CPU
		{B36CDF21-3919-4B90-99C0-60E68EC0C0A0}.Release|x86.ActiveCfg = Release|Any CPU
		{B36CDF21-3919-4B90-99C0-60E68EC0C0A0}.Release|x86.Build.0 = Release|Any CPU
		{38735614-BE53-4A71-B931-78AB50E66280}.Debug|Any CPU.ActiveCfg = Debug|Any CPU
		{38735614-BE53-4A71-B931-78AB50E66280}.Debug|Any CPU.Build.0 = Debug|Any CPU
		{38735614-BE53-4A71-B931-78AB50E66280}.Debug|x64.ActiveCfg = Debug|Any CPU
		{38735614-BE53-4A71-B931-78AB50E66280}.Debug|x64.Build.0 = Debug|Any CPU
		{38735614-BE53-4A71-B931-78AB50E66280}.Debug|x86.ActiveCfg = Debug|Any CPU
		{38735614-BE53-4A71-B931-78AB50E66280}.Debug|x86.Build.0 = Debug|Any CPU
		{38735614-BE53-4A71-B931-78AB50E66280}.Default|Any CPU.ActiveCfg = Release|Any CPU
		{38735614-BE53-4A71-B931-78AB50E66280}.Default|Any CPU.Build.0 = Release|Any CPU
		{38735614-BE53-4A71-B931-78AB50E66280}.Default|x64.ActiveCfg = Default|Any CPU
		{38735614-BE53-4A71-B931-78AB50E66280}.Default|x64.Build.0 = Default|Any CPU
		{38735614-BE53-4A71-B931-78AB50E66280}.Default|x86.ActiveCfg = Default|Any CPU
		{38735614-BE53-4A71-B931-78AB50E66280}.Default|x86.Build.0 = Default|Any CPU
		{38735614-BE53-4A71-B931-78AB50E66280}.Release|Any CPU.ActiveCfg = Release|Any CPU
		{38735614-BE53-4A71-B931-78AB50E66280}.Release|Any CPU.Build.0 = Release|Any CPU
		{38735614-BE53-4A71-B931-78AB50E66280}.Release|x64.ActiveCfg = Release|Any CPU
		{38735614-BE53-4A71-B931-78AB50E66280}.Release|x64.Build.0 = Release|Any CPU
		{38735614-BE53-4A71-B931-78AB50E66280}.Release|x86.ActiveCfg = Release|Any CPU
		{38735614-BE53-4A71-B931-78AB50E66280}.Release|x86.Build.0 = Release|Any CPU
	EndGlobalSection
	GlobalSection(SolutionProperties) = preSolution
		HideSolutionNode = FALSE
	EndGlobalSection
	GlobalSection(ExtensibilityGlobals) = postSolution
		SolutionGuid = {3C1B81CE-20BB-4B06-B4BC-9F517FA06418}
	EndGlobalSection
EndGlobal
