
Microsoft Visual Studio Solution File, Format Version 12.00
# SQL Server Management Studio Version 21
VisualStudioVersion = 17.14.36408.4
MinimumVisualStudioVersion = 10.0.40219.1
Project("{FAE04EC0-301F-11D3-BF4B-00C04F79EFBC}") = "RentalManagementPlatformMVC", "RentalManagementPlatformMVC\RentalManagementPlatformMVC.csproj", "{F6A6E5A1-4562-41C2-9B42-9A90907CE68B}"
EndProject
Global
	GlobalSection(SolutionConfigurationPlatforms) = preSolution
		Debug|Any CPU = Debug|Any CPU
		Default|Any CPU = Default|Any CPU
		Release|Any CPU = Release|Any CPU
	EndGlobalSection
	GlobalSection(ProjectConfigurationPlatforms) = postSolution
		{F6A6E5A1-4562-41C2-9B42-9A90907CE68B}.Debug|Any CPU.ActiveCfg = Debug|Any CPU
		{F6A6E5A1-4562-41C2-9B42-9A90907CE68B}.Debug|Any CPU.Build.0 = Debug|Any CPU
		{F6A6E5A1-4562-41C2-9B42-9A90907CE68B}.Default|Any CPU.ActiveCfg = Release|Any CPU
		{F6A6E5A1-4562-41C2-9B42-9A90907CE68B}.Release|Any CPU.ActiveCfg = Release|Any CPU
		{F6A6E5A1-4562-41C2-9B42-9A90907CE68B}.Release|Any CPU.Build.0 = Release|Any CPU
		{09CEB56B-F880-4CFB-A9B7-C0C2C6F1985B}.Debug|Any CPU.ActiveCfg = Default
		{09CEB56B-F880-4CFB-A9B7-C0C2C6F1985B}.Default|Any CPU.ActiveCfg = Default
		{09CEB56B-F880-4CFB-A9B7-C0C2C6F1985B}.Release|Any CPU.ActiveCfg = Default
	EndGlobalSection
	GlobalSection(SolutionProperties) = preSolution
		HideSolutionNode = FALSE
	EndGlobalSection
	GlobalSection(ExtensibilityGlobals) = postSolution
		SolutionGuid = {3C1B81CE-20BB-4B06-B4BC-9F517FA06418}
	EndGlobalSection
EndGlobal
