
Microsoft Visual Studio Solution File, Format Version 12.00
# Visual Studio Version 17
VisualStudioVersion = 17.14.36202.13 d17.14
MinimumVisualStudioVersion = 10.0.40219.1
Project("{FAE04EC0-301F-11D3-BF4B-00C04F79EFBC}") = "Backend", "Backend\Backend.csproj", "{64576F99-D186-49D2-A513-1CF3615C064B}"
EndProject
Global
	GlobalSection(SolutionConfigurationPlatforms) = preSolution
		Debug|Any CPU = Debug|Any CPU
		Release|Any CPU = Release|Any CPU
	EndGlobalSection
	GlobalSection(ProjectConfigurationPlatforms) = postSolution
		{64576F99-D186-49D2-A513-1CF3615C064B}.Debug|Any CPU.ActiveCfg = Debug|Any CPU
		{64576F99-D186-49D2-A513-1CF3615C064B}.Debug|Any CPU.Build.0 = Debug|Any CPU
		{64576F99-D186-49D2-A513-1CF3615C064B}.Release|Any CPU.ActiveCfg = Release|Any CPU
		{64576F99-D186-49D2-A513-1CF3615C064B}.Release|Any CPU.Build.0 = Release|Any CPU
	EndGlobalSection
	GlobalSection(SolutionProperties) = preSolution
		HideSolutionNode = FALSE
	EndGlobalSection
	GlobalSection(ExtensibilityGlobals) = postSolution
		SolutionGuid = {113AC5C7-68B3-42CE-919E-C17AC3AC0B92}
	EndGlobalSection
EndGlobal
